
Microsoft Visual Studio Solution File, Format Version 12.00
# Visual Studio 14
VisualStudioVersion = 14.0.25420.1
MinimumVisualStudioVersion = 10.0.40219.1
Project("{FAE04EC0-301F-11D3-BF4B-00C04F79EFBC}") = "SchoolSystem.Models", "SchoolSystem.Models\SchoolSystem.Models.csproj", "{D8E6C2C5-9918-4414-AFC2-95DB063BF6E6}"
EndProject
Project("{FAE04EC0-301F-11D3-BF4B-00C04F79EFBC}") = "StudentSystem.Data", "StudentSystem.Data\StudentSystem.Data.csproj", "{AB573484-8D4E-4D95-AEEB-239E7E6F9B21}"
EndProject
Project("{FAE04EC0-301F-11D3-BF4B-00C04F79EFBC}") = "StudentsSystem.Client", "StudentsSystem.Client\StudentsSystem.Client.csproj", "{98AFCFD3-21A1-4232-BAF9-CE5F9EF8990A}"
EndProject
Global
	GlobalSection(SolutionConfigurationPlatforms) = preSolution
		Debug|Any CPU = Debug|Any CPU
		Release|Any CPU = Release|Any CPU
	EndGlobalSection
	GlobalSection(ProjectConfigurationPlatforms) = postSolution
		{D8E6C2C5-9918-4414-AFC2-95DB063BF6E6}.Debug|Any CPU.ActiveCfg = Debug|Any CPU
		{D8E6C2C5-9918-4414-AFC2-95DB063BF6E6}.Debug|Any CPU.Build.0 = Debug|Any CPU
		{D8E6C2C5-9918-4414-AFC2-95DB063BF6E6}.Release|Any CPU.ActiveCfg = Release|Any CPU
		{D8E6C2C5-9918-4414-AFC2-95DB063BF6E6}.Release|Any CPU.Build.0 = Release|Any CPU
		{AB573484-8D4E-4D95-AEEB-239E7E6F9B21}.Debug|Any CPU.ActiveCfg = Debug|Any CPU
		{AB573484-8D4E-4D95-AEEB-239E7E6F9B21}.Debug|Any CPU.Build.0 = Debug|Any CPU
		{AB573484-8D4E-4D95-AEEB-239E7E6F9B21}.Release|Any CPU.ActiveCfg = Release|Any CPU
		{AB573484-8D4E-4D95-AEEB-239E7E6F9B21}.Release|Any CPU.Build.0 = Release|Any CPU
		{98AFCFD3-21A1-4232-BAF9-CE5F9EF8990A}.Debug|Any CPU.ActiveCfg = Debug|Any CPU
		{98AFCFD3-21A1-4232-BAF9-CE5F9EF8990A}.Debug|Any CPU.Build.0 = Debug|Any CPU
		{98AFCFD3-21A1-4232-BAF9-CE5F9EF8990A}.Release|Any CPU.ActiveCfg = Release|Any CPU
		{98AFCFD3-21A1-4232-BAF9-CE5F9EF8990A}.Release|Any CPU.Build.0 = Release|Any CPU
	EndGlobalSection
	GlobalSection(SolutionProperties) = preSolution
		HideSolutionNode = FALSE
	EndGlobalSection
EndGlobal
